
Microsoft Visual Studio Solution File, Format Version 12.00
# Visual Studio Version 17
VisualStudioVersion = 17.13.35931.197
MinimumVisualStudioVersion = 10.0.40219.1
Project("{FAE04EC0-301F-11D3-BF4B-00C04F79EFBC}") = "HeartMVC", "HeartMVC\HeartMVC.csproj", "{E89345A9-99A3-4B5D-91E6-7F0DE148CF2D}"
EndProject
Global
	GlobalSection(SolutionConfigurationPlatforms) = preSolution
		Debug|Any CPU = Debug|Any CPU
		Release|Any CPU = Release|Any CPU
	EndGlobalSection
	GlobalSection(ProjectConfigurationPlatforms) = postSolution
		{E89345A9-99A3-4B5D-91E6-7F0DE148CF2D}.Debug|Any CPU.ActiveCfg = Debug|Any CPU
		{E89345A9-99A3-4B5D-91E6-7F0DE148CF2D}.Debug|Any CPU.Build.0 = Debug|Any CPU
		{E89345A9-99A3-4B5D-91E6-7F0DE148CF2D}.Release|Any CPU.ActiveCfg = Release|Any CPU
		{E89345A9-99A3-4B5D-91E6-7F0DE148CF2D}.Release|Any CPU.Build.0 = Release|Any CPU
	EndGlobalSection
	GlobalSection(SolutionProperties) = preSolution
		HideSolutionNode = FALSE
	EndGlobalSection
	GlobalSection(ExtensibilityGlobals) = postSolution
		SolutionGuid = {20BA8821-954E-453A-A765-3E0335ECE221}
	EndGlobalSection
EndGlobal
